
Microsoft Visual Studio Solution File, Format Version 12.00
# Visual Studio Version 17
VisualStudioVersion = 17.5.002.0
MinimumVisualStudioVersion = 10.0.40219.1
Project("{9A19103F-16F7-4668-BE54-9A1E7A4F7556}") = "Lap3", "Lap3.csproj", "{B5F6C098-5478-47E8-B903-B15DC233FC01}"
EndProject
Global
	GlobalSection(SolutionConfigurationPlatforms) = preSolution
		Debug|Any CPU = Debug|Any CPU
		Release|Any CPU = Release|Any CPU
	EndGlobalSection
	GlobalSection(ProjectConfigurationPlatforms) = postSolution
		{B5F6C098-5478-47E8-B903-B15DC233FC01}.Debug|Any CPU.ActiveCfg = Debug|Any CPU
		{B5F6C098-5478-47E8-B903-B15DC233FC01}.Debug|Any CPU.Build.0 = Debug|Any CPU
		{B5F6C098-5478-47E8-B903-B15DC233FC01}.Release|Any CPU.ActiveCfg = Release|Any CPU
		{B5F6C098-5478-47E8-B903-B15DC233FC01}.Release|Any CPU.Build.0 = Release|Any CPU
	EndGlobalSection
	GlobalSection(SolutionProperties) = preSolution
		HideSolutionNode = FALSE
	EndGlobalSection
	GlobalSection(ExtensibilityGlobals) = postSolution
		SolutionGuid = {D7045332-42D6-49AC-A438-A894246AC5FC}
	EndGlobalSection
EndGlobal
